
Microsoft Visual Studio Solution File, Format Version 12.00
# Visual Studio Version 16
VisualStudioVersion = 16.0.31410.357
MinimumVisualStudioVersion = 10.0.40219.1
Project("{FAE04EC0-301F-11D3-BF4B-00C04F79EFBC}") = "QuoteAPI", "QuoteAPI\QuoteAPI.csproj", "{C552BBC2-634B-4634-A213-5BA89A2A76F6}"
EndProject
Project("{FAE04EC0-301F-11D3-BF4B-00C04F79EFBC}") = "QuoteAPI.Repository", "QuoteAPI.Repository\QuoteAPI.Repository.csproj", "{A4CBB7A8-4876-44FA-91AA-35E33037E72A}"
EndProject
Project("{FAE04EC0-301F-11D3-BF4B-00C04F79EFBC}") = "QuoteAPI.Services", "QuoteAPI.Services\QuoteAPI.Services.csproj", "{94D5767F-5B3C-49E7-BDD9-EFCFF0C7B2FE}"
EndProject
Project("{FAE04EC0-301F-11D3-BF4B-00C04F79EFBC}") = "QuoteAPI.Domain", "QuoteAPI.Domain\QuoteAPI.Domain.csproj", "{38211E85-C3D7-4C75-923B-C4A2D59807A0}"
EndProject
Global
	GlobalSection(SolutionConfigurationPlatforms) = preSolution
		Debug|Any CPU = Debug|Any CPU
		Release|Any CPU = Release|Any CPU
	EndGlobalSection
	GlobalSection(ProjectConfigurationPlatforms) = postSolution
		{C552BBC2-634B-4634-A213-5BA89A2A76F6}.Debug|Any CPU.ActiveCfg = Debug|Any CPU
		{C552BBC2-634B-4634-A213-5BA89A2A76F6}.Debug|Any CPU.Build.0 = Debug|Any CPU
		{C552BBC2-634B-4634-A213-5BA89A2A76F6}.Release|Any CPU.ActiveCfg = Release|Any CPU
		{C552BBC2-634B-4634-A213-5BA89A2A76F6}.Release|Any CPU.Build.0 = Release|Any CPU
		{A4CBB7A8-4876-44FA-91AA-35E33037E72A}.Debug|Any CPU.ActiveCfg = Debug|Any CPU
		{A4CBB7A8-4876-44FA-91AA-35E33037E72A}.Debug|Any CPU.Build.0 = Debug|Any CPU
		{A4CBB7A8-4876-44FA-91AA-35E33037E72A}.Release|Any CPU.ActiveCfg = Release|Any CPU
		{A4CBB7A8-4876-44FA-91AA-35E33037E72A}.Release|Any CPU.Build.0 = Release|Any CPU
		{94D5767F-5B3C-49E7-BDD9-EFCFF0C7B2FE}.Debug|Any CPU.ActiveCfg = Debug|Any CPU
		{94D5767F-5B3C-49E7-BDD9-EFCFF0C7B2FE}.Debug|Any CPU.Build.0 = Debug|Any CPU
		{94D5767F-5B3C-49E7-BDD9-EFCFF0C7B2FE}.Release|Any CPU.ActiveCfg = Release|Any CPU
		{94D5767F-5B3C-49E7-BDD9-EFCFF0C7B2FE}.Release|Any CPU.Build.0 = Release|Any CPU
		{38211E85-C3D7-4C75-923B-C4A2D59807A0}.Debug|Any CPU.ActiveCfg = Debug|Any CPU
		{38211E85-C3D7-4C75-923B-C4A2D59807A0}.Debug|Any CPU.Build.0 = Debug|Any CPU
		{38211E85-C3D7-4C75-923B-C4A2D59807A0}.Release|Any CPU.ActiveCfg = Release|Any CPU
		{38211E85-C3D7-4C75-923B-C4A2D59807A0}.Release|Any CPU.Build.0 = Release|Any CPU
	EndGlobalSection
	GlobalSection(SolutionProperties) = preSolution
		HideSolutionNode = FALSE
	EndGlobalSection
	GlobalSection(ExtensibilityGlobals) = postSolution
		SolutionGuid = {7E14B537-AC7C-44D9-A7C7-57742B852778}
	EndGlobalSection
EndGlobal
